PODS:
  - Flutter (1.0.0)
  - mob_sharesdk (4.4.3):
    - mob_sharesdk/ShareSDK (= 4.4.3)
    - MOBFoundation (>= 3.2.9)
  - mob_sharesdk/ShareSDK (4.4.3):
    - MOBFoundation (>= 3.2.9)
  - mob_sharesdk/ShareSDKExtension (4.4.3):
    - mob_sharesdk/ShareSDK
    - MOBFoundation (>= 3.2.9)
  - mob_sharesdk/ShareSDKPlatforms/QQ (4.4.3):
    - mob_sharesdk/ShareSDK
    - MOBFoundation (>= 3.2.9)
  - mob_sharesdk/ShareSDKRestoreScene (4.4.3):
    - mob_sharesdk/ShareSDKExtension
    - MOBFoundation (>= 3.2.9)
  - mob_sharesdk/ShareSDKUI (4.4.3):
    - mob_sharesdk/ShareSDK
    - MOBFoundation (>= 3.2.9)
  - MOBFoundation (3.2.28)
  - sharesdk_plugin (1.1.2):
    - Flutter
    - mob_sharesdk
    - mob_sharesdk/ShareSDKExtension
    - mob_sharesdk/ShareSDKPlatforms/QQ
    - mob_sharesdk/ShareSDKRestoreScene
    - mob_sharesdk/ShareSDKUI
  - wechat_kit (4.0.3):
    - Flutter
    - wechat_kit/pay (= 4.0.3)
  - wechat_kit/pay (4.0.3):
    - Flutter

DEPENDENCIES:
  - Flutter (from `Flutter`)
  - sharesdk_plugin (from `.symlinks/plugins/sharesdk_plugin/ios`)
  - wechat_kit (from `.symlinks/plugins/wechat_kit/ios`)

SPEC REPOS:
  trunk:
    - mob_sharesdk
    - MOBFoundation

EXTERNAL SOURCES:
  Flutter:
    :path: Flutter
  sharesdk_plugin:
    :path: ".symlinks/plugins/sharesdk_plugin/ios"
  wechat_kit:
    :path: ".symlinks/plugins/wechat_kit/ios"

SPEC CHECKSUMS:
  Flutter: 50d75fe2f02b26cc09d224853bb45737f8b3214a
  mob_sharesdk: d7b374c3bdb8f1d4ba4b9c20847e7d0802d05cfa
  MOBFoundation: 962823dbe3fd7353972a255e2c534a0825e961ef
  sharesdk_plugin: f526727380330c1a851d2ccf4452d57b0f4c21d9
  wechat_kit: a4c650f358b8a7ca96cbb6ce62233a45df1655d0

PODFILE CHECKSUM: aafe91acc616949ddb318b77800a7f51bffa2a4c

COCOAPODS: 1.11.3
